
Microsoft Visual Studio Solution File, Format Version 12.00
# Visual Studio Version 17
VisualStudioVersion = 17.7.34202.233
MinimumVisualStudioVersion = 10.0.40219.1
Project("{9A19103F-16F7-4668-BE54-9A1E7A4F7556}") = "Bacanu_Maria_Nicoleta_lab2", "Bacanu_Maria_Nicoleta_lab2.csproj", "{72CB7402-69C7-485E-9D68-BBC37558B7EB}"
EndProject
Global
	GlobalSection(SolutionConfigurationPlatforms) = preSolution
		Debug|Any CPU = Debug|Any CPU
		Release|Any CPU = Release|Any CPU
	EndGlobalSection
	GlobalSection(ProjectConfigurationPlatforms) = postSolution
		{72CB7402-69C7-485E-9D68-BBC37558B7EB}.Debug|Any CPU.ActiveCfg = Debug|Any CPU
		{72CB7402-69C7-485E-9D68-BBC37558B7EB}.Debug|Any CPU.Build.0 = Debug|Any CPU
		{72CB7402-69C7-485E-9D68-BBC37558B7EB}.Release|Any CPU.ActiveCfg = Release|Any CPU
		{72CB7402-69C7-485E-9D68-BBC37558B7EB}.Release|Any CPU.Build.0 = Release|Any CPU
	EndGlobalSection
	GlobalSection(SolutionProperties) = preSolution
		HideSolutionNode = FALSE
	EndGlobalSection
	GlobalSection(ExtensibilityGlobals) = postSolution
		SolutionGuid = {DBC8F415-24E6-4CFE-B194-8ADD4DDF1720}
	EndGlobalSection
EndGlobal
